
Microsoft Visual Studio Solution File, Format Version 12.00
# Visual Studio Version 17
VisualStudioVersion = 17.14.36327.8 d17.14
MinimumVisualStudioVersion = 10.0.40219.1
Project("{FAE04EC0-301F-11D3-BF4B-00C04F79EFBC}") = "FrameworkApp", "FrameworkApp.csproj", "{0FB9B59F-4E88-4489-8AC6-56521A4A0196}"
EndProject
Global
	GlobalSection(SolutionConfigurationPlatforms) = preSolution
		Debug|Any CPU = Debug|Any CPU
		Release|Any CPU = Release|Any CPU
	EndGlobalSection
	GlobalSection(ProjectConfigurationPlatforms) = postSolution
		{0FB9B59F-4E88-4489-8AC6-56521A4A0196}.Debug|Any CPU.ActiveCfg = Debug|Any CPU
		{0FB9B59F-4E88-4489-8AC6-56521A4A0196}.Debug|Any CPU.Build.0 = Debug|Any CPU
		{0FB9B59F-4E88-4489-8AC6-56521A4A0196}.Release|Any CPU.ActiveCfg = Release|Any CPU
		{0FB9B59F-4E88-4489-8AC6-56521A4A0196}.Release|Any CPU.Build.0 = Release|Any CPU
	EndGlobalSection
	GlobalSection(SolutionProperties) = preSolution
		HideSolutionNode = FALSE
	EndGlobalSection
	GlobalSection(ExtensibilityGlobals) = postSolution
		SolutionGuid = {12ADFB4E-B81E-4BF2-B311-0D2A9279E008}
	EndGlobalSection
EndGlobal
